
Microsoft Visual Studio Solution File, Format Version 12.00
# Visual Studio 15
VisualStudioVersion = 15.0.27703.2026
MinimumVisualStudioVersion = 10.0.40219.1
Project("{9A19103F-16F7-4668-BE54-9A1E7A4F7556}") = "MyUnitTesting", "MyUnitTesting\MyUnitTesting.csproj", "{C91490A6-8646-4D8D-AD38-342D8241319A}"
EndProject
Project("{9A19103F-16F7-4668-BE54-9A1E7A4F7556}") = "MyUnitTestingTests", "MyUnitTestingTests\MyUnitTestingTests.csproj", "{895DA601-AF31-4256-99FC-3679A6AB3741}"
EndProject
Project("{FAE04EC0-301F-11D3-BF4B-00C04F79EFBC}") = "ValueAndReferenceTypes", "ValueAndReferenceTypes\ValueAndReferenceTypes.csproj", "{2FCCB1D2-F8CC-4A0C-B028-E57504DB6016}"
EndProject
Global
	GlobalSection(SolutionConfigurationPlatforms) = preSolution
		Debug|Any CPU = Debug|Any CPU
		Release|Any CPU = Release|Any CPU
	EndGlobalSection
	GlobalSection(ProjectConfigurationPlatforms) = postSolution
		{C91490A6-8646-4D8D-AD38-342D8241319A}.Debug|Any CPU.ActiveCfg = Debug|Any CPU
		{C91490A6-8646-4D8D-AD38-342D8241319A}.Debug|Any CPU.Build.0 = Debug|Any CPU
		{C91490A6-8646-4D8D-AD38-342D8241319A}.Release|Any CPU.ActiveCfg = Release|Any CPU
		{C91490A6-8646-4D8D-AD38-342D8241319A}.Release|Any CPU.Build.0 = Release|Any CPU
		{895DA601-AF31-4256-99FC-3679A6AB3741}.Debug|Any CPU.ActiveCfg = Debug|Any CPU
		{895DA601-AF31-4256-99FC-3679A6AB3741}.Debug|Any CPU.Build.0 = Debug|Any CPU
		{895DA601-AF31-4256-99FC-3679A6AB3741}.Release|Any CPU.ActiveCfg = Release|Any CPU
		{895DA601-AF31-4256-99FC-3679A6AB3741}.Release|Any CPU.Build.0 = Release|Any CPU
		{2FCCB1D2-F8CC-4A0C-B028-E57504DB6016}.Debug|Any CPU.ActiveCfg = Debug|Any CPU
		{2FCCB1D2-F8CC-4A0C-B028-E57504DB6016}.Debug|Any CPU.Build.0 = Debug|Any CPU
		{2FCCB1D2-F8CC-4A0C-B028-E57504DB6016}.Release|Any CPU.ActiveCfg = Release|Any CPU
		{2FCCB1D2-F8CC-4A0C-B028-E57504DB6016}.Release|Any CPU.Build.0 = Release|Any CPU
	EndGlobalSection
	GlobalSection(SolutionProperties) = preSolution
		HideSolutionNode = FALSE
	EndGlobalSection
	GlobalSection(ExtensibilityGlobals) = postSolution
		SolutionGuid = {DE61216B-9F55-40BB-AAF1-977F67739FD4}
	EndGlobalSection
EndGlobal
